{
  "version": 4,
  "terraform_version": "1.3.6",
  "serial": 33,
  "lineage": "c8f31d1f-2fd2-e453-7fdf-5bdd4a024503",
  "outputs": {},
  "resources": [
    {
      "mode": "data",
      "type": "aws_ami",
      "name": "ubuntu",
      "provider": "provider[\"registry.terraform.io/hashicorp/aws\"]",
      "instances": [
        {
          "schema_version": 0,
          "attributes": {
            "architecture": "x86_64",
            "arn": "arn:aws:ec2:us-east-1::image/ami-0b93ce03dcbcb10f6",
            "block_device_mappings": [
              {
                "device_name": "/dev/sda1",
                "ebs": {
                  "delete_on_termination": "true",
                  "encrypted": "false",
                  "iops": "0",
                  "snapshot_id": "snap-071bb32a43076a1de",
                  "throughput": "0",
                  "volume_size": "8",
                  "volume_type": "gp2"
                },
                "no_device": "",
                "virtual_name": ""
              },
              {
                "device_name": "/dev/sdb",
                "ebs": {},
                "no_device": "",
                "virtual_name": "ephemeral0"
              },
              {
                "device_name": "/dev/sdc",
                "ebs": {},
                "no_device": "",
                "virtual_name": "ephemeral1"
              }
            ],
            "boot_mode": "",
            "creation_date": "2022-12-12T22:47:56.000Z",
            "deprecation_time": "2024-12-12T22:47:56.000Z",
            "description": "Canonical, Ubuntu, 20.04 LTS, amd64 focal image build on 2022-12-12",
            "ena_support": true,
            "executable_users": null,
            "filter": [
              {
                "name": "name",
                "values": [
                  "ubuntu/images/hvm-ssd/ubuntu-focal-20.04-amd64-server-*"
                ]
              },
              {
                "name": "virtualization-type",
                "values": [
                  "hvm"
                ]
              }
            ],
            "hypervisor": "xen",
            "id": "ami-0b93ce03dcbcb10f6",
            "image_id": "ami-0b93ce03dcbcb10f6",
            "image_location": "amazon/ubuntu/images/hvm-ssd/ubuntu-focal-20.04-amd64-server-20221212",
            "image_owner_alias": "amazon",
            "image_type": "machine",
            "imds_support": "",
            "include_deprecated": false,
            "kernel_id": "",
            "most_recent": true,
            "name": "ubuntu/images/hvm-ssd/ubuntu-focal-20.04-amd64-server-20221212",
            "name_regex": null,
            "owner_id": "099720109477",
            "owners": [
              "099720109477"
            ],
            "platform": "",
            "platform_details": "Linux/UNIX",
            "product_codes": [],
            "public": true,
            "ramdisk_id": "",
            "root_device_name": "/dev/sda1",
            "root_device_type": "ebs",
            "root_snapshot_id": "snap-071bb32a43076a1de",
            "sriov_net_support": "simple",
            "state": "available",
            "state_reason": {
              "code": "UNSET",
              "message": "UNSET"
            },
            "tags": {},
            "timeouts": null,
            "tpm_support": "",
            "usage_operation": "RunInstances",
            "virtualization_type": "hvm"
          },
          "sensitive_attributes": []
        }
      ]
    },
    {
      "mode": "data",
      "type": "http",
      "name": "icanhazip",
      "provider": "provider[\"registry.terraform.io/hashicorp/http\"]",
      "instances": [
        {
          "schema_version": 0,
          "attributes": {
            "body": "179.73.254.74\n",
            "ca_cert_pem": null,
            "id": "http://icanhazip.com",
            "insecure": null,
            "method": null,
            "request_body": null,
            "request_headers": null,
            "response_body": "179.73.254.74\n",
            "response_headers": {
              "Access-Control-Allow-Methods": "GET",
              "Access-Control-Allow-Origin": "*",
              "Alt-Svc": "h3=\":443\"; ma=86400, h3-29=\":443\"; ma=86400",
              "Cf-Ray": "779740df7cbca48c-GRU",
              "Connection": "keep-alive",
              "Content-Length": "14",
              "Content-Type": "text/plain",
              "Date": "Wed, 14 Dec 2022 13:23:19 GMT",
              "Server": "cloudflare",
              "Set-Cookie": "__cf_bm=JGVEAbytnXh8aCwE5eOBoe.RVD_qSZkW6wz30RTg4EI-1671024199-0-AXBdu/g6H0jAX3yUA3+oMswPRPfMKHxyJCBZQkelruVwtf8j1nK1yZYhAue4BYJyg2IEO4bIsY5R0aOicItYS3c=; path=/; expires=Wed, 14-Dec-22 13:53:19 GMT; domain=.icanhazip.com; HttpOnly; SameSite=None",
              "Vary": "Accept-Encoding"
            },
            "status_code": 200,
            "url": "http://icanhazip.com"
          },
          "sensitive_attributes": []
        }
      ]
    },
    {
      "mode": "data",
      "type": "local_file",
      "name": "ssh-pkey",
      "provider": "provider[\"registry.terraform.io/hashicorp/local\"]",
      "instances": [
        {
          "schema_version": 0,
          "attributes": {
            "content": "ssh-rsa AAAAB3NzaC1yc2EAAAADAQABAAABgQDT7cXMF6/egkzxJbsP3t2SI5bFAa9UfsK31True7/yeMg9ZakoKxoxSpgodXvN1koeVe/uxfR+h3e4qlU+9/G/TWzVCcSikIjmAYfIMLwWbgbTljCO1fjQS+FHBZYTFvHRToOtTCGvY3oI42tOfWq7SAUo4Frl+3Ea5yQyD5bODzK8x8llPehZDW5QepFgQ+OFHJUtXLM81zZYAlOtwIg0eS2IRL87p7qUKYeESEkH1nfJ3gKYEQ2aX7zLOscbUz8aIvGQjXdeXXOBm1ab84SHHWOnAYeiyihUkruXhIKtasxNKMBH6ZAfcV0eg/o9LLrBtMP3cVvZuYWScovwUXeLt3KsxhS1DY2civNAPlV3qz/CBW3rFJHSwzonwdhGuwNzZ0B9/W0mBVh30J4oXaM/sPVGzINY2Kut+2qJMUq2hZeC0r175mPZuqkJ+bq6pwui5buwLJB2UXolkFYl9O2lmVIXJDTwzLaoE5pvgNA5JRqhLjPIaainBZSkemvbhik= kiqaps@DESKTOP-C323FLP\n",
            "content_base64": "c3NoLXJzYSBBQUFBQjNOemFDMXljMkVBQUFBREFRQUJBQUFCZ1FEVDdjWE1GNi9lZ2t6eEpic1AzdDJTSTViRkFhOVVmc0szMVRydWU3L3llTWc5WmFrb0t4b3hTcGdvZFh2TjFrb2VWZS91eGZSK2gzZTRxbFUrOS9HL1RXelZDY1Npa0lqbUFZZklNTHdXYmdiVGxqQ08xZmpRUytGSEJaWVRGdkhSVG9PdFRDR3ZZM29JNDJ0T2ZXcTdTQVVvNEZybCszRWE1eVF5RDViT0R6Szh4OGxsUGVoWkRXNVFlcEZnUStPRkhKVXRYTE04MXpaWUFsT3R3SWcwZVMySVJMODdwN3FVS1llRVNFa0gxbmZKM2dLWUVRMmFYN3pMT3NjYlV6OGFJdkdRalhkZVhYT0JtMWFiODRTSEhXT25BWWVpeWloVWtydVhoSUt0YXN4TktNQkg2WkFmY1YwZWcvbzlMTHJCdE1QM2NWdlp1WVdTY292d1VYZUx0M0tzeGhTMURZMmNpdk5BUGxWM3F6L0NCVzNyRkpIU3d6b253ZGhHdXdOelowQjkvVzBtQlZoMzBKNG9YYU0vc1BWR3pJTlkyS3V0KzJxSk1VcTJoWmVDMHIxNzVtUFp1cWtKK2JxNnB3dWk1YnV3TEpCMlVYb2xrRllsOU8ybG1WSVhKRFR3ekxhb0U1cHZnTkE1SlJxaExqUElhYWluQlpTa2VtdmJoaWs9IGtpcWFwc0BERVNLVE9QLUMzMjNGTFAK",
            "filename": "../ssh/id_rsa.pub",
            "id": "e224f13e0e48cff7a91b0ff3e1b4370dec04dbfb"
          },
          "sensitive_attributes": []
        }
      ]
    },
    {
      "mode": "managed",
      "type": "aws_instance",
      "name": "master",
      "provider": "provider[\"registry.terraform.io/hashicorp/aws\"]",
      "instances": [
        {
          "schema_version": 1,
          "attributes": {
            "ami": "ami-0b93ce03dcbcb10f6",
            "arn": "arn:aws:ec2:us-east-1:334665650447:instance/i-02931844b2ca35029",
            "associate_public_ip_address": true,
            "availability_zone": "us-east-1c",
            "capacity_reservation_specification": [
              {
                "capacity_reservation_preference": "open",
                "capacity_reservation_target": []
              }
            ],
            "cpu_core_count": 1,
            "cpu_threads_per_core": 2,
            "credit_specification": [
              {
                "cpu_credits": "unlimited"
              }
            ],
            "disable_api_stop": false,
            "disable_api_termination": false,
            "ebs_block_device": [],
            "ebs_optimized": false,
            "enclave_options": [
              {
                "enabled": false
              }
            ],
            "ephemeral_block_device": [],
            "get_password_data": false,
            "hibernation": false,
            "host_id": null,
            "host_resource_group_arn": null,
            "iam_instance_profile": "",
            "id": "i-02931844b2ca35029",
            "instance_initiated_shutdown_behavior": "stop",
            "instance_state": "running",
            "instance_type": "t3.micro",
            "ipv6_address_count": 0,
            "ipv6_addresses": [],
            "key_name": "terraform-20221214132050172100000001",
            "launch_template": [],
            "maintenance_options": [
              {
                "auto_recovery": "default"
              }
            ],
            "metadata_options": [
              {
                "http_endpoint": "enabled",
                "http_put_response_hop_limit": 1,
                "http_tokens": "optional",
                "instance_metadata_tags": "disabled"
              }
            ],
            "monitoring": false,
            "network_interface": [],
            "outpost_arn": "",
            "password_data": "",
            "placement_group": "",
            "placement_partition_number": null,
            "primary_network_interface_id": "eni-0bb2a17ea03df9766",
            "private_dns": "ip-172-31-73-46.ec2.internal",
            "private_dns_name_options": [
              {
                "enable_resource_name_dns_a_record": false,
                "enable_resource_name_dns_aaaa_record": false,
                "hostname_type": "ip-name"
              }
            ],
            "private_ip": "172.31.73.46",
            "public_dns": "ec2-3-236-189-136.compute-1.amazonaws.com",
            "public_ip": "3.236.189.136",
            "root_block_device": [
              {
                "delete_on_termination": true,
                "device_name": "/dev/sda1",
                "encrypted": false,
                "iops": 100,
                "kms_key_id": "",
                "tags": {},
                "throughput": 0,
                "volume_id": "vol-08ad366bde2c252a3",
                "volume_size": 8,
                "volume_type": "gp2"
              }
            ],
            "secondary_private_ips": [],
            "security_groups": [
              "allow-ssh-access"
            ],
            "source_dest_check": true,
            "subnet_id": "subnet-b6e67ad3",
            "tags": {
              "Name": "master"
            },
            "tags_all": {
              "Name": "master"
            },
            "tenancy": "default",
            "timeouts": null,
            "user_data": null,
            "user_data_base64": null,
            "user_data_replace_on_change": false,
            "volume_tags": null,
            "vpc_security_group_ids": [
              "sg-0babcea79cacde122"
            ]
          },
          "sensitive_attributes": [],
          "private": "eyJlMmJmYjczMC1lY2FhLTExZTYtOGY4OC0zNDM2M2JjN2M0YzAiOnsiY3JlYXRlIjo2MDAwMDAwMDAwMDAsImRlbGV0ZSI6MTIwMDAwMDAwMDAwMCwidXBkYXRlIjo2MDAwMDAwMDAwMDB9LCJzY2hlbWFfdmVyc2lvbiI6IjEifQ==",
          "dependencies": [
            "aws_key_pair.ssh-key-pair",
            "aws_security_group.allow-ssh-access",
            "data.aws_ami.ubuntu",
            "data.http.icanhazip",
            "data.local_file.ssh-pkey"
          ]
        }
      ]
    },
    {
      "mode": "managed",
      "type": "aws_instance",
      "name": "node01",
      "provider": "provider[\"registry.terraform.io/hashicorp/aws\"]",
      "instances": [
        {
          "schema_version": 1,
          "attributes": {
            "ami": "ami-0b93ce03dcbcb10f6",
            "arn": "arn:aws:ec2:us-east-1:334665650447:instance/i-09ab55a2485b63bca",
            "associate_public_ip_address": true,
            "availability_zone": "us-east-1c",
            "capacity_reservation_specification": [
              {
                "capacity_reservation_preference": "open",
                "capacity_reservation_target": []
              }
            ],
            "cpu_core_count": 1,
            "cpu_threads_per_core": 2,
            "credit_specification": [
              {
                "cpu_credits": "unlimited"
              }
            ],
            "disable_api_stop": false,
            "disable_api_termination": false,
            "ebs_block_device": [],
            "ebs_optimized": false,
            "enclave_options": [
              {
                "enabled": false
              }
            ],
            "ephemeral_block_device": [],
            "get_password_data": false,
            "hibernation": false,
            "host_id": null,
            "host_resource_group_arn": null,
            "iam_instance_profile": "",
            "id": "i-09ab55a2485b63bca",
            "instance_initiated_shutdown_behavior": "stop",
            "instance_state": "running",
            "instance_type": "t3.micro",
            "ipv6_address_count": 0,
            "ipv6_addresses": [],
            "key_name": "terraform-20221214132050172100000001",
            "launch_template": [],
            "maintenance_options": [
              {
                "auto_recovery": "default"
              }
            ],
            "metadata_options": [
              {
                "http_endpoint": "enabled",
                "http_put_response_hop_limit": 1,
                "http_tokens": "optional",
                "instance_metadata_tags": "disabled"
              }
            ],
            "monitoring": false,
            "network_interface": [],
            "outpost_arn": "",
            "password_data": "",
            "placement_group": "",
            "placement_partition_number": null,
            "primary_network_interface_id": "eni-0f22933c429cdbdfe",
            "private_dns": "ip-172-31-76-121.ec2.internal",
            "private_dns_name_options": [
              {
                "enable_resource_name_dns_a_record": false,
                "enable_resource_name_dns_aaaa_record": false,
                "hostname_type": "ip-name"
              }
            ],
            "private_ip": "172.31.76.121",
            "public_dns": "ec2-34-206-54-28.compute-1.amazonaws.com",
            "public_ip": "34.206.54.28",
            "root_block_device": [
              {
                "delete_on_termination": true,
                "device_name": "/dev/sda1",
                "encrypted": false,
                "iops": 100,
                "kms_key_id": "",
                "tags": {},
                "throughput": 0,
                "volume_id": "vol-0c57ffb9ba91594fe",
                "volume_size": 8,
                "volume_type": "gp2"
              }
            ],
            "secondary_private_ips": [],
            "security_groups": [
              "allow-ssh-access"
            ],
            "source_dest_check": true,
            "subnet_id": "subnet-b6e67ad3",
            "tags": {
              "Name": "node01"
            },
            "tags_all": {
              "Name": "node01"
            },
            "tenancy": "default",
            "timeouts": null,
            "user_data": null,
            "user_data_base64": null,
            "user_data_replace_on_change": false,
            "volume_tags": null,
            "vpc_security_group_ids": [
              "sg-0babcea79cacde122"
            ]
          },
          "sensitive_attributes": [],
          "private": "eyJlMmJmYjczMC1lY2FhLTExZTYtOGY4OC0zNDM2M2JjN2M0YzAiOnsiY3JlYXRlIjo2MDAwMDAwMDAwMDAsImRlbGV0ZSI6MTIwMDAwMDAwMDAwMCwidXBkYXRlIjo2MDAwMDAwMDAwMDB9LCJzY2hlbWFfdmVyc2lvbiI6IjEifQ==",
          "dependencies": [
            "aws_key_pair.ssh-key-pair",
            "aws_security_group.allow-ssh-access",
            "data.aws_ami.ubuntu",
            "data.http.icanhazip",
            "data.local_file.ssh-pkey"
          ]
        }
      ]
    },
    {
      "mode": "managed",
      "type": "aws_instance",
      "name": "node02",
      "provider": "provider[\"registry.terraform.io/hashicorp/aws\"]",
      "instances": [
        {
          "schema_version": 1,
          "attributes": {
            "ami": "ami-0b93ce03dcbcb10f6",
            "arn": "arn:aws:ec2:us-east-1:334665650447:instance/i-086bc84000f592b4c",
            "associate_public_ip_address": true,
            "availability_zone": "us-east-1c",
            "capacity_reservation_specification": [
              {
                "capacity_reservation_preference": "open",
                "capacity_reservation_target": []
              }
            ],
            "cpu_core_count": 1,
            "cpu_threads_per_core": 2,
            "credit_specification": [
              {
                "cpu_credits": "unlimited"
              }
            ],
            "disable_api_stop": false,
            "disable_api_termination": false,
            "ebs_block_device": [],
            "ebs_optimized": false,
            "enclave_options": [
              {
                "enabled": false
              }
            ],
            "ephemeral_block_device": [],
            "get_password_data": false,
            "hibernation": false,
            "host_id": null,
            "host_resource_group_arn": null,
            "iam_instance_profile": "",
            "id": "i-086bc84000f592b4c",
            "instance_initiated_shutdown_behavior": "stop",
            "instance_state": "running",
            "instance_type": "t3.micro",
            "ipv6_address_count": 0,
            "ipv6_addresses": [],
            "key_name": "terraform-20221214132050172100000001",
            "launch_template": [],
            "maintenance_options": [
              {
                "auto_recovery": "default"
              }
            ],
            "metadata_options": [
              {
                "http_endpoint": "enabled",
                "http_put_response_hop_limit": 1,
                "http_tokens": "optional",
                "instance_metadata_tags": "disabled"
              }
            ],
            "monitoring": false,
            "network_interface": [],
            "outpost_arn": "",
            "password_data": "",
            "placement_group": "",
            "placement_partition_number": null,
            "primary_network_interface_id": "eni-0be9f9202c8a8a000",
            "private_dns": "ip-172-31-78-7.ec2.internal",
            "private_dns_name_options": [
              {
                "enable_resource_name_dns_a_record": false,
                "enable_resource_name_dns_aaaa_record": false,
                "hostname_type": "ip-name"
              }
            ],
            "private_ip": "172.31.78.7",
            "public_dns": "ec2-44-200-247-41.compute-1.amazonaws.com",
            "public_ip": "44.200.247.41",
            "root_block_device": [
              {
                "delete_on_termination": true,
                "device_name": "/dev/sda1",
                "encrypted": false,
                "iops": 100,
                "kms_key_id": "",
                "tags": {},
                "throughput": 0,
                "volume_id": "vol-09c16e28564282168",
                "volume_size": 8,
                "volume_type": "gp2"
              }
            ],
            "secondary_private_ips": [],
            "security_groups": [
              "allow-ssh-access"
            ],
            "source_dest_check": true,
            "subnet_id": "subnet-b6e67ad3",
            "tags": {
              "Name": "node02"
            },
            "tags_all": {
              "Name": "node02"
            },
            "tenancy": "default",
            "timeouts": null,
            "user_data": null,
            "user_data_base64": null,
            "user_data_replace_on_change": false,
            "volume_tags": null,
            "vpc_security_group_ids": [
              "sg-0babcea79cacde122"
            ]
          },
          "sensitive_attributes": [],
          "private": "eyJlMmJmYjczMC1lY2FhLTExZTYtOGY4OC0zNDM2M2JjN2M0YzAiOnsiY3JlYXRlIjo2MDAwMDAwMDAwMDAsImRlbGV0ZSI6MTIwMDAwMDAwMDAwMCwidXBkYXRlIjo2MDAwMDAwMDAwMDB9LCJzY2hlbWFfdmVyc2lvbiI6IjEifQ==",
          "dependencies": [
            "aws_key_pair.ssh-key-pair",
            "aws_security_group.allow-ssh-access",
            "data.aws_ami.ubuntu",
            "data.http.icanhazip",
            "data.local_file.ssh-pkey"
          ]
        }
      ]
    },
    {
      "mode": "managed",
      "type": "aws_instance",
      "name": "node03",
      "provider": "provider[\"registry.terraform.io/hashicorp/aws\"]",
      "instances": [
        {
          "schema_version": 1,
          "attributes": {
            "ami": "ami-0b93ce03dcbcb10f6",
            "arn": "arn:aws:ec2:us-east-1:334665650447:instance/i-0825d0d1b40df7b0e",
            "associate_public_ip_address": true,
            "availability_zone": "us-east-1c",
            "capacity_reservation_specification": [
              {
                "capacity_reservation_preference": "open",
                "capacity_reservation_target": []
              }
            ],
            "cpu_core_count": 1,
            "cpu_threads_per_core": 2,
            "credit_specification": [
              {
                "cpu_credits": "unlimited"
              }
            ],
            "disable_api_stop": false,
            "disable_api_termination": false,
            "ebs_block_device": [],
            "ebs_optimized": false,
            "enclave_options": [
              {
                "enabled": false
              }
            ],
            "ephemeral_block_device": [],
            "get_password_data": false,
            "hibernation": false,
            "host_id": null,
            "host_resource_group_arn": null,
            "iam_instance_profile": "",
            "id": "i-0825d0d1b40df7b0e",
            "instance_initiated_shutdown_behavior": "stop",
            "instance_state": "running",
            "instance_type": "t3.micro",
            "ipv6_address_count": 0,
            "ipv6_addresses": [],
            "key_name": "terraform-20221214132050172100000001",
            "launch_template": [],
            "maintenance_options": [
              {
                "auto_recovery": "default"
              }
            ],
            "metadata_options": [
              {
                "http_endpoint": "enabled",
                "http_put_response_hop_limit": 1,
                "http_tokens": "optional",
                "instance_metadata_tags": "disabled"
              }
            ],
            "monitoring": false,
            "network_interface": [],
            "outpost_arn": "",
            "password_data": "",
            "placement_group": "",
            "placement_partition_number": null,
            "primary_network_interface_id": "eni-05a46dd5a71698549",
            "private_dns": "ip-172-31-68-23.ec2.internal",
            "private_dns_name_options": [
              {
                "enable_resource_name_dns_a_record": false,
                "enable_resource_name_dns_aaaa_record": false,
                "hostname_type": "ip-name"
              }
            ],
            "private_ip": "172.31.68.23",
            "public_dns": "ec2-3-238-101-252.compute-1.amazonaws.com",
            "public_ip": "3.238.101.252",
            "root_block_device": [
              {
                "delete_on_termination": true,
                "device_name": "/dev/sda1",
                "encrypted": false,
                "iops": 100,
                "kms_key_id": "",
                "tags": {},
                "throughput": 0,
                "volume_id": "vol-01f8f7365eb3d7c94",
                "volume_size": 8,
                "volume_type": "gp2"
              }
            ],
            "secondary_private_ips": [],
            "security_groups": [
              "allow-ssh-access"
            ],
            "source_dest_check": true,
            "subnet_id": "subnet-b6e67ad3",
            "tags": {
              "Name": "node03"
            },
            "tags_all": {
              "Name": "node03"
            },
            "tenancy": "default",
            "timeouts": null,
            "user_data": null,
            "user_data_base64": null,
            "user_data_replace_on_change": false,
            "volume_tags": null,
            "vpc_security_group_ids": [
              "sg-0babcea79cacde122"
            ]
          },
          "sensitive_attributes": [],
          "private": "eyJlMmJmYjczMC1lY2FhLTExZTYtOGY4OC0zNDM2M2JjN2M0YzAiOnsiY3JlYXRlIjo2MDAwMDAwMDAwMDAsImRlbGV0ZSI6MTIwMDAwMDAwMDAwMCwidXBkYXRlIjo2MDAwMDAwMDAwMDB9LCJzY2hlbWFfdmVyc2lvbiI6IjEifQ==",
          "dependencies": [
            "aws_key_pair.ssh-key-pair",
            "aws_security_group.allow-ssh-access",
            "data.aws_ami.ubuntu",
            "data.http.icanhazip",
            "data.local_file.ssh-pkey"
          ]
        }
      ]
    },
    {
      "mode": "managed",
      "type": "aws_key_pair",
      "name": "ssh-key-pair",
      "provider": "provider[\"registry.terraform.io/hashicorp/aws\"]",
      "instances": [
        {
          "schema_version": 1,
          "attributes": {
            "arn": "arn:aws:ec2:us-east-1:334665650447:key-pair/terraform-20221214132050172100000001",
            "fingerprint": "85:70:30:d0:1d:7c:cd:65:b9:13:24:59:77:60:7c:19",
            "id": "terraform-20221214132050172100000001",
            "key_name": "terraform-20221214132050172100000001",
            "key_name_prefix": "terraform-",
            "key_pair_id": "key-0a1b9ad9951bfe472",
            "key_type": "rsa",
            "public_key": "ssh-rsa AAAAB3NzaC1yc2EAAAADAQABAAABgQDT7cXMF6/egkzxJbsP3t2SI5bFAa9UfsK31True7/yeMg9ZakoKxoxSpgodXvN1koeVe/uxfR+h3e4qlU+9/G/TWzVCcSikIjmAYfIMLwWbgbTljCO1fjQS+FHBZYTFvHRToOtTCGvY3oI42tOfWq7SAUo4Frl+3Ea5yQyD5bODzK8x8llPehZDW5QepFgQ+OFHJUtXLM81zZYAlOtwIg0eS2IRL87p7qUKYeESEkH1nfJ3gKYEQ2aX7zLOscbUz8aIvGQjXdeXXOBm1ab84SHHWOnAYeiyihUkruXhIKtasxNKMBH6ZAfcV0eg/o9LLrBtMP3cVvZuYWScovwUXeLt3KsxhS1DY2civNAPlV3qz/CBW3rFJHSwzonwdhGuwNzZ0B9/W0mBVh30J4oXaM/sPVGzINY2Kut+2qJMUq2hZeC0r175mPZuqkJ+bq6pwui5buwLJB2UXolkFYl9O2lmVIXJDTwzLaoE5pvgNA5JRqhLjPIaainBZSkemvbhik= kiqaps@DESKTOP-C323FLP",
            "tags": {},
            "tags_all": {}
          },
          "sensitive_attributes": [],
          "private": "eyJzY2hlbWFfdmVyc2lvbiI6IjEifQ==",
          "dependencies": [
            "data.local_file.ssh-pkey"
          ]
        }
      ]
    },
    {
      "mode": "managed",
      "type": "aws_security_group",
      "name": "allow-ssh-access",
      "provider": "provider[\"registry.terraform.io/hashicorp/aws\"]",
      "instances": [
        {
          "schema_version": 1,
          "attributes": {
            "arn": "arn:aws:ec2:us-east-1:334665650447:security-group/sg-0babcea79cacde122",
            "description": "Allow SSH access to the instances",
            "egress": [],
            "id": "sg-0babcea79cacde122",
            "ingress": [
              {
                "cidr_blocks": [
                  "179.73.254.74/32"
                ],
                "description": "SSH",
                "from_port": 22,
                "ipv6_cidr_blocks": [],
                "prefix_list_ids": [],
                "protocol": "tcp",
                "security_groups": [],
                "self": false,
                "to_port": 22
              }
            ],
            "name": "allow-ssh-access",
            "name_prefix": "",
            "owner_id": "334665650447",
            "revoke_rules_on_delete": false,
            "tags": {},
            "tags_all": {},
            "timeouts": null,
            "vpc_id": "vpc-404ac625"
          },
          "sensitive_attributes": [],
          "private": "eyJlMmJmYjczMC1lY2FhLTExZTYtOGY4OC0zNDM2M2JjN2M0YzAiOnsiY3JlYXRlIjo2MDAwMDAwMDAwMDAsImRlbGV0ZSI6OTAwMDAwMDAwMDAwfSwic2NoZW1hX3ZlcnNpb24iOiIxIn0=",
          "dependencies": [
            "data.http.icanhazip"
          ]
        }
      ]
    },
    {
      "mode": "managed",
      "type": "local_file",
      "name": "ansible_inventory",
      "provider": "provider[\"registry.terraform.io/hashicorp/local\"]",
      "instances": [
        {
          "schema_version": 0,
          "attributes": {
            "content": "all:\n  vars:\n    ansible_ssh_user: ubuntu\n  children:\n    masters:\n        hosts:\n          3.236.189.136:\n    workers:\n        hosts:\n          34.206.54.28:\n          44.200.247.41:\n          3.238.101.252:\n",
            "content_base64": null,
            "directory_permission": "0777",
            "file_permission": "0777",
            "filename": "../configuration/inventory/main.yml",
            "id": "1d25179bdc12b5503a883deeb5a71961159b08b1",
            "sensitive_content": null,
            "source": null
          },
          "sensitive_attributes": [],
          "private": "bnVsbA==",
          "dependencies": [
            "aws_instance.master",
            "aws_instance.node01",
            "aws_instance.node02",
            "aws_instance.node03"
          ]
        }
      ]
    }
  ],
  "check_results": null
}
